{
  "pins" : [
    {
      "identity" : "coreswift",
      "kind" : "remoteSourceControl",
      "location" : "https://github.com/undevts/CoreSwift.git",
      "state" : {
        "revision" : "4706632b00da651c3ccda642dc93600ac4a8e093",
        "version" : "0.1.1"
      }
    }
  ],
  "version" : 2
}
