{
  "pins" : [
    {
      "identity" : "coreswift",
      "kind" : "remoteSourceControl",
      "location" : "https://github.com/undevts/CoreSwift.git",
      "state" : {
        "revision" : "d4a31996c47b25bd8465a8a538895da91686b71f",
        "version" : "0.1.2"
      }
    }
  ],
  "version" : 2
}
